
Microsoft Visual Studio Solution File, Format Version 12.00
# Visual Studio Version 17
VisualStudioVersion = 17.14.36414.22 d17.14
MinimumVisualStudioVersion = 10.0.40219.1
Project("{FAE04EC0-301F-11D3-BF4B-00C04F79EFBC}") = "Refresher", "Refresher\Refresher.csproj", "{03382CCE-E6D9-4037-9510-E1E149988353}"
EndProject
Global
	GlobalSection(SolutionConfigurationPlatforms) = preSolution
		Debug|Any CPU = Debug|Any CPU
		Release|Any CPU = Release|Any CPU
	EndGlobalSection
	GlobalSection(ProjectConfigurationPlatforms) = postSolution
		{03382CCE-E6D9-4037-9510-E1E149988353}.Debug|Any CPU.ActiveCfg = Debug|Any CPU
		{03382CCE-E6D9-4037-9510-E1E149988353}.Debug|Any CPU.Build.0 = Debug|Any CPU
		{03382CCE-E6D9-4037-9510-E1E149988353}.Release|Any CPU.ActiveCfg = Release|Any CPU
		{03382CCE-E6D9-4037-9510-E1E149988353}.Release|Any CPU.Build.0 = Release|Any CPU
	EndGlobalSection
	GlobalSection(SolutionProperties) = preSolution
		HideSolutionNode = FALSE
	EndGlobalSection
	GlobalSection(ExtensibilityGlobals) = postSolution
		SolutionGuid = {067ECE0A-A105-482E-BAE7-4C19977F2216}
	EndGlobalSection
EndGlobal
